{
  "version": 4,
  "terraform_version": "0.15.4",
  "serial": 13,
  "lineage": "b289b512-6dca-fd3b-1ffb-fec67a396919",
  "outputs": {
    "bucket_name": {
      "value": "harrisoncramer.me",
      "type": "string"
    },
    "cdn_domain": {
      "value": "d159qg3z3j4g3i.cloudfront.net",
      "type": "string"
    },
    "cloudfront_distribution_id": {
      "value": "E3DZL12LH8ZE7D",
      "type": "string"
    },
    "s3_website_endpoint": {
      "value": "harrisoncramer.me.s3-website-us-east-1.amazonaws.com",
      "type": "string"
    }
  },
  "resources": [
    {
      "mode": "data",
      "type": "aws_route53_zone",
      "name": "main",
      "provider": "provider[\"registry.terraform.io/hashicorp/aws\"]",
      "instances": [
        {
          "schema_version": 0,
          "attributes": {
            "caller_reference": "RISWorkflow-RD:11c9ed9c-59fa-4898-9087-5dba05147751",
            "comment": "HostedZone created by Route53 Registrar",
            "id": "Z04772023DS0P9AYB337V",
            "linked_service_description": null,
            "linked_service_principal": null,
            "name": "harrisoncramer.me",
            "name_servers": [
              "ns-1479.awsdns-56.org",
              "ns-2034.awsdns-62.co.uk",
              "ns-737.awsdns-28.net",
              "ns-371.awsdns-46.com"
            ],
            "private_zone": false,
            "resource_record_set_count": 7,
            "tags": {},
            "vpc_id": null,
            "zone_id": "Z04772023DS0P9AYB337V"
          },
          "sensitive_attributes": []
        }
      ]
    },
    {
      "mode": "managed",
      "type": "aws_acm_certificate",
      "name": "cert",
      "provider": "provider[\"registry.terraform.io/hashicorp/aws\"]",
      "instances": [
        {
          "schema_version": 0,
          "attributes": {
            "arn": "arn:aws:acm:us-east-1:015611184523:certificate/51e6bb79-a87d-497a-8c05-60f7d1bc9d40",
            "certificate_authority_arn": "",
            "certificate_body": null,
            "certificate_chain": null,
            "domain_name": "harrisoncramer.me",
            "domain_validation_options": [
              {
                "domain_name": "*.harrisoncramer.me",
                "resource_record_name": "_dcc14f9fffb4c45947600cf2ad4452cc.harrisoncramer.me.",
                "resource_record_type": "CNAME",
                "resource_record_value": "_ea717432a3174e1048650c5f5584e31b.xrchbtpdjs.acm-validations.aws."
              },
              {
                "domain_name": "harrisoncramer.me",
                "resource_record_name": "_dcc14f9fffb4c45947600cf2ad4452cc.harrisoncramer.me.",
                "resource_record_type": "CNAME",
                "resource_record_value": "_ea717432a3174e1048650c5f5584e31b.xrchbtpdjs.acm-validations.aws."
              }
            ],
            "id": "arn:aws:acm:us-east-1:015611184523:certificate/51e6bb79-a87d-497a-8c05-60f7d1bc9d40",
            "options": [
              {
                "certificate_transparency_logging_preference": "ENABLED"
              }
            ],
            "private_key": null,
            "status": "ISSUED",
            "subject_alternative_names": [
              "*.harrisoncramer.me"
            ],
            "tags": {
              "branch": "main"
            },
            "tags_all": {
              "branch": "main"
            },
            "validation_emails": [],
            "validation_method": "DNS"
          },
          "sensitive_attributes": [],
          "private": "bnVsbA==",
          "create_before_destroy": true
        }
      ]
    },
    {
      "mode": "managed",
      "type": "aws_acm_certificate_validation",
      "name": "main",
      "provider": "provider[\"registry.terraform.io/hashicorp/aws\"]",
      "instances": [
        {
          "schema_version": 0,
          "attributes": {
            "certificate_arn": "arn:aws:acm:us-east-1:015611184523:certificate/51e6bb79-a87d-497a-8c05-60f7d1bc9d40",
            "id": "2021-06-08 01:32:50 +0000 UTC",
            "timeouts": null,
            "validation_record_fqdns": [
              "_dcc14f9fffb4c45947600cf2ad4452cc.harrisoncramer.me"
            ]
          },
          "sensitive_attributes": [],
          "private": "eyJlMmJmYjczMC1lY2FhLTExZTYtOGY4OC0zNDM2M2JjN2M0YzAiOnsiY3JlYXRlIjoyNzAwMDAwMDAwMDAwfX0=",
          "dependencies": [
            "aws_acm_certificate.cert",
            "aws_route53_record.main",
            "data.aws_route53_zone.main"
          ]
        }
      ]
    },
    {
      "mode": "managed",
      "type": "aws_cloudfront_distribution",
      "name": "s3_distribution",
      "provider": "provider[\"registry.terraform.io/hashicorp/aws\"]",
      "instances": [
        {
          "schema_version": 1,
          "attributes": {
            "aliases": [
              "harrisoncramer.me",
              "www.harrisoncramer.me"
            ],
            "arn": "arn:aws:cloudfront::015611184523:distribution/E3DZL12LH8ZE7D",
            "caller_reference": "terraform-20210608013310607700000002",
            "comment": null,
            "custom_error_response": [
              {
                "error_caching_min_ttl": 300,
                "error_code": 404,
                "response_code": 404,
                "response_page_path": "/404"
              }
            ],
            "default_cache_behavior": [
              {
                "allowed_methods": [
                  "GET",
                  "HEAD",
                  "OPTIONS"
                ],
                "cache_policy_id": "",
                "cached_methods": [
                  "GET",
                  "HEAD"
                ],
                "compress": true,
                "default_ttl": 300,
                "field_level_encryption_id": "",
                "forwarded_values": [
                  {
                    "cookies": [
                      {
                        "forward": "all",
                        "whitelisted_names": []
                      }
                    ],
                    "headers": [],
                    "query_string": true,
                    "query_string_cache_keys": []
                  }
                ],
                "function_association": [],
                "lambda_function_association": [],
                "max_ttl": 300,
                "min_ttl": 0,
                "origin_request_policy_id": "",
                "realtime_log_config_arn": "",
                "smooth_streaming": false,
                "target_origin_id": "myS3Origin",
                "trusted_key_groups": [],
                "trusted_signers": [],
                "viewer_protocol_policy": "redirect-to-https"
              }
            ],
            "default_root_object": "index.html",
            "domain_name": "d159qg3z3j4g3i.cloudfront.net",
            "enabled": true,
            "etag": "E2XTQIXRTAKJ4V",
            "hosted_zone_id": "Z2FDTNDATAQYW2",
            "http_version": "http2",
            "id": "E3DZL12LH8ZE7D",
            "in_progress_validation_batches": 0,
            "is_ipv6_enabled": true,
            "last_modified_time": "2021-06-09 18:52:15.959 +0000 UTC",
            "logging_config": [],
            "ordered_cache_behavior": [],
            "origin": [
              {
                "connection_attempts": 3,
                "connection_timeout": 10,
                "custom_header": [],
                "custom_origin_config": [
                  {
                    "http_port": 80,
                    "https_port": 443,
                    "origin_keepalive_timeout": 5,
                    "origin_protocol_policy": "http-only",
                    "origin_read_timeout": 30,
                    "origin_ssl_protocols": [
                      "TLSv1",
                      "TLSv1.1",
                      "TLSv1.2"
                    ]
                  }
                ],
                "domain_name": "harrisoncramer.me.s3.amazonaws.com",
                "origin_id": "myS3Origin",
                "origin_path": "",
                "origin_shield": [],
                "s3_origin_config": []
              }
            ],
            "origin_group": [],
            "price_class": "PriceClass_All",
            "restrictions": [
              {
                "geo_restriction": [
                  {
                    "locations": [],
                    "restriction_type": "none"
                  }
                ]
              }
            ],
            "retain_on_delete": true,
            "status": "Deployed",
            "tags": {
              "Environment": "default",
              "ManagedBy": "Terraform",
              "Owner": "Harrison Cramer",
              "Project": "gatsby-blog-app"
            },
            "tags_all": {
              "Environment": "default",
              "ManagedBy": "Terraform",
              "Owner": "Harrison Cramer",
              "Project": "gatsby-blog-app"
            },
            "trusted_key_groups": [
              {
                "enabled": false,
                "items": []
              }
            ],
            "trusted_signers": [
              {
                "enabled": false,
                "items": []
              }
            ],
            "viewer_certificate": [
              {
                "acm_certificate_arn": "arn:aws:acm:us-east-1:015611184523:certificate/51e6bb79-a87d-497a-8c05-60f7d1bc9d40",
                "cloudfront_default_certificate": false,
                "iam_certificate_id": "",
                "minimum_protocol_version": "TLSv1",
                "ssl_support_method": "sni-only"
              }
            ],
            "wait_for_deployment": true,
            "web_acl_id": ""
          },
          "sensitive_attributes": [],
          "private": "eyJzY2hlbWFfdmVyc2lvbiI6IjEifQ==",
          "dependencies": [
            "aws_acm_certificate_validation.main",
            "aws_s3_bucket.site"
          ]
        }
      ]
    },
    {
      "mode": "managed",
      "type": "aws_route53_record",
      "name": "a_record",
      "provider": "provider[\"registry.terraform.io/hashicorp/aws\"]",
      "instances": [
        {
          "schema_version": 2,
          "attributes": {
            "alias": [
              {
                "evaluate_target_health": false,
                "name": "d159qg3z3j4g3i.cloudfront.net",
                "zone_id": "Z2FDTNDATAQYW2"
              }
            ],
            "allow_overwrite": null,
            "failover_routing_policy": [],
            "fqdn": "harrisoncramer.me",
            "geolocation_routing_policy": [],
            "health_check_id": "",
            "id": "Z04772023DS0P9AYB337V_harrisoncramer.me_A",
            "latency_routing_policy": [],
            "multivalue_answer_routing_policy": null,
            "name": "harrisoncramer.me",
            "records": [],
            "set_identifier": "",
            "ttl": 0,
            "type": "A",
            "weighted_routing_policy": [],
            "zone_id": "Z04772023DS0P9AYB337V"
          },
          "sensitive_attributes": [],
          "private": "eyJzY2hlbWFfdmVyc2lvbiI6IjIifQ==",
          "dependencies": [
            "aws_acm_certificate.cert",
            "aws_acm_certificate_validation.main",
            "aws_cloudfront_distribution.s3_distribution",
            "aws_route53_record.main",
            "aws_s3_bucket.site",
            "data.aws_route53_zone.main"
          ]
        }
      ]
    },
    {
      "mode": "managed",
      "type": "aws_route53_record",
      "name": "a_record_www",
      "provider": "provider[\"registry.terraform.io/hashicorp/aws\"]",
      "instances": [
        {
          "schema_version": 2,
          "attributes": {
            "alias": [
              {
                "evaluate_target_health": false,
                "name": "d159qg3z3j4g3i.cloudfront.net",
                "zone_id": "Z2FDTNDATAQYW2"
              }
            ],
            "allow_overwrite": null,
            "failover_routing_policy": [],
            "fqdn": "www.harrisoncramer.me",
            "geolocation_routing_policy": [],
            "health_check_id": "",
            "id": "Z04772023DS0P9AYB337V_www.harrisoncramer.me_A",
            "latency_routing_policy": [],
            "multivalue_answer_routing_policy": null,
            "name": "www.harrisoncramer.me",
            "records": [],
            "set_identifier": "",
            "ttl": 0,
            "type": "A",
            "weighted_routing_policy": [],
            "zone_id": "Z04772023DS0P9AYB337V"
          },
          "sensitive_attributes": [],
          "private": "eyJzY2hlbWFfdmVyc2lvbiI6IjIifQ==",
          "dependencies": [
            "aws_route53_record.main",
            "aws_s3_bucket.site",
            "data.aws_route53_zone.main",
            "aws_acm_certificate.cert",
            "aws_acm_certificate_validation.main",
            "aws_cloudfront_distribution.s3_distribution"
          ]
        }
      ]
    },
    {
      "mode": "managed",
      "type": "aws_route53_record",
      "name": "aaaa_record",
      "provider": "provider[\"registry.terraform.io/hashicorp/aws\"]",
      "instances": [
        {
          "schema_version": 2,
          "attributes": {
            "alias": [
              {
                "evaluate_target_health": false,
                "name": "d159qg3z3j4g3i.cloudfront.net",
                "zone_id": "Z2FDTNDATAQYW2"
              }
            ],
            "allow_overwrite": null,
            "failover_routing_policy": [],
            "fqdn": "harrisoncramer.me",
            "geolocation_routing_policy": [],
            "health_check_id": "",
            "id": "Z04772023DS0P9AYB337V_harrisoncramer.me_AAAA",
            "latency_routing_policy": [],
            "multivalue_answer_routing_policy": null,
            "name": "harrisoncramer.me",
            "records": [],
            "set_identifier": "",
            "ttl": 0,
            "type": "AAAA",
            "weighted_routing_policy": [],
            "zone_id": "Z04772023DS0P9AYB337V"
          },
          "sensitive_attributes": [],
          "private": "eyJzY2hlbWFfdmVyc2lvbiI6IjIifQ==",
          "dependencies": [
            "data.aws_route53_zone.main",
            "aws_acm_certificate.cert",
            "aws_acm_certificate_validation.main",
            "aws_cloudfront_distribution.s3_distribution",
            "aws_route53_record.main",
            "aws_s3_bucket.site"
          ]
        }
      ]
    },
    {
      "mode": "managed",
      "type": "aws_route53_record",
      "name": "aaaa_record_www",
      "provider": "provider[\"registry.terraform.io/hashicorp/aws\"]",
      "instances": [
        {
          "schema_version": 2,
          "attributes": {
            "alias": [
              {
                "evaluate_target_health": false,
                "name": "d159qg3z3j4g3i.cloudfront.net",
                "zone_id": "Z2FDTNDATAQYW2"
              }
            ],
            "allow_overwrite": null,
            "failover_routing_policy": [],
            "fqdn": "www.harrisoncramer.me",
            "geolocation_routing_policy": [],
            "health_check_id": "",
            "id": "Z04772023DS0P9AYB337V_www.harrisoncramer.me_AAAA",
            "latency_routing_policy": [],
            "multivalue_answer_routing_policy": null,
            "name": "www.harrisoncramer.me",
            "records": [],
            "set_identifier": "",
            "ttl": 0,
            "type": "AAAA",
            "weighted_routing_policy": [],
            "zone_id": "Z04772023DS0P9AYB337V"
          },
          "sensitive_attributes": [],
          "private": "eyJzY2hlbWFfdmVyc2lvbiI6IjIifQ==",
          "dependencies": [
            "aws_cloudfront_distribution.s3_distribution",
            "aws_route53_record.main",
            "aws_s3_bucket.site",
            "data.aws_route53_zone.main",
            "aws_acm_certificate.cert",
            "aws_acm_certificate_validation.main"
          ]
        }
      ]
    },
    {
      "mode": "managed",
      "type": "aws_route53_record",
      "name": "main",
      "provider": "provider[\"registry.terraform.io/hashicorp/aws\"]",
      "instances": [
        {
          "index_key": "*.harrisoncramer.me",
          "schema_version": 2,
          "attributes": {
            "alias": [],
            "allow_overwrite": true,
            "failover_routing_policy": [],
            "fqdn": "_dcc14f9fffb4c45947600cf2ad4452cc.harrisoncramer.me",
            "geolocation_routing_policy": [],
            "health_check_id": "",
            "id": "Z04772023DS0P9AYB337V__dcc14f9fffb4c45947600cf2ad4452cc.harrisoncramer.me._CNAME",
            "latency_routing_policy": [],
            "multivalue_answer_routing_policy": null,
            "name": "_dcc14f9fffb4c45947600cf2ad4452cc.harrisoncramer.me",
            "records": [
              "_ea717432a3174e1048650c5f5584e31b.xrchbtpdjs.acm-validations.aws."
            ],
            "set_identifier": "",
            "ttl": 60,
            "type": "CNAME",
            "weighted_routing_policy": [],
            "zone_id": "Z04772023DS0P9AYB337V"
          },
          "sensitive_attributes": [],
          "private": "eyJzY2hlbWFfdmVyc2lvbiI6IjIifQ==",
          "dependencies": [
            "aws_acm_certificate.cert",
            "data.aws_route53_zone.main"
          ]
        },
        {
          "index_key": "harrisoncramer.me",
          "schema_version": 2,
          "attributes": {
            "alias": [],
            "allow_overwrite": true,
            "failover_routing_policy": [],
            "fqdn": "_dcc14f9fffb4c45947600cf2ad4452cc.harrisoncramer.me",
            "geolocation_routing_policy": [],
            "health_check_id": "",
            "id": "Z04772023DS0P9AYB337V__dcc14f9fffb4c45947600cf2ad4452cc.harrisoncramer.me._CNAME",
            "latency_routing_policy": [],
            "multivalue_answer_routing_policy": null,
            "name": "_dcc14f9fffb4c45947600cf2ad4452cc.harrisoncramer.me",
            "records": [
              "_ea717432a3174e1048650c5f5584e31b.xrchbtpdjs.acm-validations.aws."
            ],
            "set_identifier": "",
            "ttl": 60,
            "type": "CNAME",
            "weighted_routing_policy": [],
            "zone_id": "Z04772023DS0P9AYB337V"
          },
          "sensitive_attributes": [],
          "private": "eyJzY2hlbWFfdmVyc2lvbiI6IjIifQ==",
          "dependencies": [
            "aws_acm_certificate.cert",
            "data.aws_route53_zone.main"
          ]
        }
      ]
    },
    {
      "mode": "managed",
      "type": "aws_s3_bucket",
      "name": "site",
      "provider": "provider[\"registry.terraform.io/hashicorp/aws\"]",
      "instances": [
        {
          "schema_version": 0,
          "attributes": {
            "acceleration_status": "",
            "acl": "public-read",
            "arn": "arn:aws:s3:::harrisoncramer.me",
            "bucket": "harrisoncramer.me",
            "bucket_domain_name": "harrisoncramer.me.s3.amazonaws.com",
            "bucket_prefix": null,
            "bucket_regional_domain_name": "harrisoncramer.me.s3.amazonaws.com",
            "cors_rule": [],
            "force_destroy": true,
            "grant": [],
            "hosted_zone_id": "Z3AQBSTGFYJSTF",
            "id": "harrisoncramer.me",
            "lifecycle_rule": [],
            "logging": [],
            "object_lock_configuration": [],
            "policy": "{\"Statement\":[{\"Action\":\"s3:GetObject\",\"Effect\":\"Allow\",\"Principal\":\"*\",\"Resource\":\"arn:aws:s3:::harrisoncramer.me/*\",\"Sid\":\"PublicReadGetObject\"}],\"Version\":\"2012-10-17\"}",
            "region": "us-east-1",
            "replication_configuration": [],
            "request_payer": "BucketOwner",
            "server_side_encryption_configuration": [],
            "tags": {
              "Environment": "default",
              "ManagedBy": "Terraform",
              "Owner": "Harrison Cramer",
              "Project": "gatsby-blog-app"
            },
            "tags_all": {
              "Environment": "default",
              "ManagedBy": "Terraform",
              "Owner": "Harrison Cramer",
              "Project": "gatsby-blog-app"
            },
            "versioning": [
              {
                "enabled": true,
                "mfa_delete": false
              }
            ],
            "website": [
              {
                "error_document": "index.html",
                "index_document": "index.html",
                "redirect_all_requests_to": "",
                "routing_rules": ""
              }
            ],
            "website_domain": "s3-website-us-east-1.amazonaws.com",
            "website_endpoint": "harrisoncramer.me.s3-website-us-east-1.amazonaws.com"
          },
          "sensitive_attributes": [],
          "private": "bnVsbA=="
        }
      ]
    }
  ]
}
